{
  "name": "Documentation",
  "version": "1.0.0",
  "lockfileVersion": 3,
  "requires": true,
  "packages": {
    "": {
      "name": "Documentation",
      "version": "1.0.0",
      "license": "MIT",
      "devDependencies": {
        "flexsearch": "^0.7.31",
        "markdown-it": "^13.0.1",
        "vitepress": "1.0.0-alpha.13",
        "vitepress-plugin-search": "^1.0.4-alpha.15",
        "vue": "^3.2.45"
      }
    },
    "node_modules/@algolia/autocomplete-core": {
      "version": "1.7.2",
      "resolved": "https://registry.npmjs.org/@algolia/autocomplete-core/-/autocomplete-core-1.7.2.tgz",
      "integrity": "sha512-eclwUDC6qfApNnEfu1uWcL/rudQsn59tjEoUYZYE2JSXZrHLRjBUGMxiCoknobU2Pva8ejb0eRxpIYDtVVqdsw==",
      "dev": true,
      "license": "MIT",
      "dependencies": {
        "@algolia/autocomplete-shared": "1.7.2"
      }
    },
    "node_modules/@algolia/autocomplete-preset-algolia": {
      "version": "1.7.2",
      "resolved": "https://registry.npmjs.org/@algolia/autocomplete-preset-algolia/-/autocomplete-preset-algolia-1.7.2.tgz",
      "integrity": "sha512-+RYEG6B0QiGGfRb2G3MtPfyrl0dALF3cQNTWBzBX6p5o01vCCGTTinAm2UKG3tfc2CnOMAtnPLkzNZyJUpnVJw==",
      "dev": true,
      "license": "MIT",
      "dependencies": {
        "@algolia/autocomplete-shared": "1.7.2"
      },
      "peerDependencies": {
        "@algolia/client-search": ">= 4.9.1 < 6",
        "algoliasearch": ">= 4.9.1 < 6"
      }
    },
    "node_modules/@algolia/autocomplete-shared": {
      "version": "1.7.2",
      "resolved": "https://registry.npmjs.org/@algolia/autocomplete-shared/-/autocomplete-shared-1.7.2.tgz",
      "integrity": "sha512-QCckjiC7xXHIUaIL3ektBtjJ0w7tTA3iqKcAE/Hjn1lZ5omp7i3Y4e09rAr9ZybqirL7AbxCLLq0Ra5DDPKeug==",
      "dev": true,
      "license": "MIT"
    },
    "node_modules/@algolia/cache-browser-local-storage": {
      "version": "4.14.2",
      "resolved": "https://registry.npmjs.org/@algolia/cache-browser-local-storage/-/cache-browser-local-storage-4.14.2.tgz",
      "integrity": "sha512-FRweBkK/ywO+GKYfAWbrepewQsPTIEirhi1BdykX9mxvBPtGNKccYAxvGdDCumU1jL4r3cayio4psfzKMejBlA==",
      "dev": true,
      "license": "MIT",
      "dependencies": {
        "@algolia/cache-common": "4.14.2"
      }
    },
    "node_modules/@algolia/cache-browser-local-storage/node_modules/@algolia/cache-common": {
      "version": "4.14.2",
      "resolved": "https://registry.npmjs.org/@algolia/cache-common/-/cache-common-4.14.2.tgz",
      "integrity": "sha512-SbvAlG9VqNanCErr44q6lEKD2qoK4XtFNx9Qn8FK26ePCI8I9yU7pYB+eM/cZdS9SzQCRJBbHUumVr4bsQ4uxg==",
      "dev": true,
      "license": "MIT"
    },
    "node_modules/@algolia/cache-common": {
      "version": "4.22.1",
      "dev": true,
      "license": "MIT",
      "peer": true
    },
    "node_modules/@algolia/cache-in-memory": {
      "version": "4.14.2",
      "resolved": "https://registry.npmjs.org/@algolia/cache-in-memory/-/cache-in-memory-4.14.2.tgz",
      "integrity": "sha512-HrOukWoop9XB/VFojPv1R5SVXowgI56T9pmezd/djh2JnVN/vXswhXV51RKy4nCpqxyHt/aGFSq2qkDvj6KiuQ==",
      "dev": true,
      "license": "MIT",
      "dependencies": {
        "@algolia/cache-common": "4.14.2"
      }
    },
    "node_modules/@algolia/cache-in-memory/node_modules/@algolia/cache-common": {
      "version": "4.14.2",
      "resolved": "https://registry.npmjs.org/@algolia/cache-common/-/cache-common-4.14.2.tgz",
      "integrity": "sha512-SbvAlG9VqNanCErr44q6lEKD2qoK4XtFNx9Qn8FK26ePCI8I9yU7pYB+eM/cZdS9SzQCRJBbHUumVr4bsQ4uxg==",
      "dev": true,
      "license": "MIT"
    },
    "node_modules/@algolia/client-account": {
      "version": "4.14.2",
      "resolved": "https://registry.npmjs.org/@algolia/client-account/-/client-account-4.14.2.tgz",
      "integrity": "sha512-WHtriQqGyibbb/Rx71YY43T0cXqyelEU0lB2QMBRXvD2X0iyeGl4qMxocgEIcbHyK7uqE7hKgjT8aBrHqhgc1w==",
      "dev": true,
      "license": "MIT",
      "dependencies": {
        "@algolia/client-common": "4.14.2",
        "@algolia/client-search": "4.14.2",
        "@algolia/transporter": "4.14.2"
      }
    },
    "node_modules/@algolia/client-account/node_modules/@algolia/cache-common": {
      "version": "4.14.2",
      "resolved": "https://registry.npmjs.org/@algolia/cache-common/-/cache-common-4.14.2.tgz",
      "integrity": "sha512-SbvAlG9VqNanCErr44q6lEKD2qoK4XtFNx9Qn8FK26ePCI8I9yU7pYB+eM/cZdS9SzQCRJBbHUumVr4bsQ4uxg==",
      "dev": true,
      "license": "MIT"
    },
    "node_modules/@algolia/client-account/node_modules/@algolia/client-common": {
      "version": "4.14.2",
      "resolved": "https://registry.npmjs.org/@algolia/client-common/-/client-common-4.14.2.tgz",
      "integrity": "sha512-43o4fslNLcktgtDMVaT5XwlzsDPzlqvqesRi4MjQz2x4/Sxm7zYg5LRYFol1BIhG6EwxKvSUq8HcC/KxJu3J0Q==",
      "dev": true,
      "license": "MIT",
      "dependencies": {
        "@algolia/requester-common": "4.14.2",
        "@algolia/transporter": "4.14.2"
      }
    },
    "node_modules/@algolia/client-account/node_modules/@algolia/client-search": {
      "version": "4.14.2",
      "resolved": "https://registry.npmjs.org/@algolia/client-search/-/client-search-4.14.2.tgz",
      "integrity": "sha512-L5zScdOmcZ6NGiVbLKTvP02UbxZ0njd5Vq9nJAmPFtjffUSOGEp11BmD2oMJ5QvARgx2XbX4KzTTNS5ECYIMWw==",
      "dev": true,
      "license": "MIT",
      "dependencies": {
        "@algolia/client-common": "4.14.2",
        "@algolia/requester-common": "4.14.2",
        "@algolia/transporter": "4.14.2"
      }
    },
    "node_modules/@algolia/client-account/node_modules/@algolia/logger-common": {
      "version": "4.14.2",
      "resolved": "https://registry.npmjs.org/@algolia/logger-common/-/logger-common-4.14.2.tgz",
      "integrity": "sha512-/JGlYvdV++IcMHBnVFsqEisTiOeEr6cUJtpjz8zc0A9c31JrtLm318Njc72p14Pnkw3A/5lHHh+QxpJ6WFTmsA==",
      "dev": true,
      "license": "MIT"
    },
    "node_modules/@algolia/client-account/node_modules/@algolia/requester-common": {
      "version": "4.14.2",
      "resolved": "https://registry.npmjs.org/@algolia/requester-common/-/requester-common-4.14.2.tgz",
      "integrity": "sha512-73YQsBOKa5fvVV3My7iZHu1sUqmjjfs9TteFWwPwDmnad7T0VTCopttcsM3OjLxZFtBnX61Xxl2T2gmG2O4ehg==",
      "dev": true,
      "license": "MIT"
    },
    "node_modules/@algolia/client-account/node_modules/@algolia/transporter": {
      "version": "4.14.2",
      "resolved": "https://registry.npmjs.org/@algolia/transporter/-/transporter-4.14.2.tgz",
      "integrity": "sha512-t89dfQb2T9MFQHidjHcfhh6iGMNwvuKUvojAj+JsrHAGbuSy7yE4BylhLX6R0Q1xYRoC4Vvv+O5qIw/LdnQfsQ==",
      "dev": true,
      "license": "MIT",
      "dependencies": {
        "@algolia/cache-common": "4.14.2",
        "@algolia/logger-common": "4.14.2",
        "@algolia/requester-common": "4.14.2"
      }
    },
    "node_modules/@algolia/client-analytics": {
      "version": "4.14.2",
      "resolved": "https://registry.npmjs.org/@algolia/client-analytics/-/client-analytics-4.14.2.tgz",
      "integrity": "sha512-yBvBv2mw+HX5a+aeR0dkvUbFZsiC4FKSnfqk9rrfX+QrlNOKEhCG0tJzjiOggRW4EcNqRmaTULIYvIzQVL2KYQ==",
      "dev": true,
      "license": "MIT",
      "dependencies": {
        "@algolia/client-common": "4.14.2",
        "@algolia/client-search": "4.14.2",
        "@algolia/requester-common": "4.14.2",
        "@algolia/transporter": "4.14.2"
      }
    },
    "node_modules/@algolia/client-analytics/node_modules/@algolia/cache-common": {
      "version": "4.14.2",
      "resolved": "https://registry.npmjs.org/@algolia/cache-common/-/cache-common-4.14.2.tgz",
      "integrity": "sha512-SbvAlG9VqNanCErr44q6lEKD2qoK4XtFNx9Qn8FK26ePCI8I9yU7pYB+eM/cZdS9SzQCRJBbHUumVr4bsQ4uxg==",
      "dev": true,
      "license": "MIT"
    },
    "node_modules/@algolia/client-analytics/node_modules/@algolia/client-common": {
      "version": "4.14.2",
      "resolved": "https://registry.npmjs.org/@algolia/client-common/-/client-common-4.14.2.tgz",
      "integrity": "sha512-43o4fslNLcktgtDMVaT5XwlzsDPzlqvqesRi4MjQz2x4/Sxm7zYg5LRYFol1BIhG6EwxKvSUq8HcC/KxJu3J0Q==",
      "dev": true,
      "license": "MIT",
      "dependencies": {
        "@algolia/requester-common": "4.14.2",
        "@algolia/transporter": "4.14.2"
      }
    },
    "node_modules/@algolia/client-analytics/node_modules/@algolia/client-search": {
      "version": "4.14.2",
      "resolved": "https://registry.npmjs.org/@algolia/client-search/-/client-search-4.14.2.tgz",
      "integrity": "sha512-L5zScdOmcZ6NGiVbLKTvP02UbxZ0njd5Vq9nJAmPFtjffUSOGEp11BmD2oMJ5QvARgx2XbX4KzTTNS5ECYIMWw==",
      "dev": true,
      "license": "MIT",
      "dependencies": {
        "@algolia/client-common": "4.14.2",
        "@algolia/requester-common": "4.14.2",
        "@algolia/transporter": "4.14.2"
      }
    },
    "node_modules/@algolia/client-analytics/node_modules/@algolia/logger-common": {
      "version": "4.14.2",
      "resolved": "https://registry.npmjs.org/@algolia/logger-common/-/logger-common-4.14.2.tgz",
      "integrity": "sha512-/JGlYvdV++IcMHBnVFsqEisTiOeEr6cUJtpjz8zc0A9c31JrtLm318Njc72p14Pnkw3A/5lHHh+QxpJ6WFTmsA==",
      "dev": true,
      "license": "MIT"
    },
    "node_modules/@algolia/client-analytics/node_modules/@algolia/requester-common": {
      "version": "4.14.2",
      "resolved": "https://registry.npmjs.org/@algolia/requester-common/-/requester-common-4.14.2.tgz",
      "integrity": "sha512-73YQsBOKa5fvVV3My7iZHu1sUqmjjfs9TteFWwPwDmnad7T0VTCopttcsM3OjLxZFtBnX61Xxl2T2gmG2O4ehg==",
      "dev": true,
      "license": "MIT"
    },
    "node_modules/@algolia/client-analytics/node_modules/@algolia/transporter": {
      "version": "4.14.2",
      "resolved": "https://registry.npmjs.org/@algolia/transporter/-/transporter-4.14.2.tgz",
      "integrity": "sha512-t89dfQb2T9MFQHidjHcfhh6iGMNwvuKUvojAj+JsrHAGbuSy7yE4BylhLX6R0Q1xYRoC4Vvv+O5qIw/LdnQfsQ==",
      "dev": true,
      "license": "MIT",
      "dependencies": {
        "@algolia/cache-common": "4.14.2",
        "@algolia/logger-common": "4.14.2",
        "@algolia/requester-common": "4.14.2"
      }
    },
    "node_modules/@algolia/client-common": {
      "version": "4.22.1",
      "dev": true,
      "license": "MIT",
      "peer": true,
      "dependencies": {
        "@algolia/requester-common": "4.22.1",
        "@algolia/transporter": "4.22.1"
      }
    },
    "node_modules/@algolia/client-personalization": {
      "version": "4.14.2",
      "resolved": "https://registry.npmjs.org/@algolia/client-personalization/-/client-personalization-4.14.2.tgz",
      "integrity": "sha512-ACCoLi0cL8CBZ1W/2juehSltrw2iqsQBnfiu/Rbl9W2yE6o2ZUb97+sqN/jBqYNQBS+o0ekTMKNkQjHHAcEXNw==",
      "dev": true,
      "license": "MIT",
      "dependencies": {
        "@algolia/client-common": "4.14.2",
        "@algolia/requester-common": "4.14.2",
        "@algolia/transporter": "4.14.2"
      }
    },
    "node_modules/@algolia/client-personalization/node_modules/@algolia/cache-common": {
      "version": "4.14.2",
      "resolved": "https://registry.npmjs.org/@algolia/cache-common/-/cache-common-4.14.2.tgz",
      "integrity": "sha512-SbvAlG9VqNanCErr44q6lEKD2qoK4XtFNx9Qn8FK26ePCI8I9yU7pYB+eM/cZdS9SzQCRJBbHUumVr4bsQ4uxg==",
      "dev": true,
      "license": "MIT"
    },
    "node_modules/@algolia/client-personalization/node_modules/@algolia/client-common": {
      "version": "4.14.2",
      "resolved": "https://registry.npmjs.org/@algolia/client-common/-/client-common-4.14.2.tgz",
      "integrity": "sha512-43o4fslNLcktgtDMVaT5XwlzsDPzlqvqesRi4MjQz2x4/Sxm7zYg5LRYFol1BIhG6EwxKvSUq8HcC/KxJu3J0Q==",
      "dev": true,
      "license": "MIT",
      "dependencies": {
        "@algolia/requester-common": "4.14.2",
        "@algolia/transporter": "4.14.2"
      }
    },
    "node_modules/@algolia/client-personalization/node_modules/@algolia/logger-common": {
      "version": "4.14.2",
      "resolved": "https://registry.npmjs.org/@algolia/logger-common/-/logger-common-4.14.2.tgz",
      "integrity": "sha512-/JGlYvdV++IcMHBnVFsqEisTiOeEr6cUJtpjz8zc0A9c31JrtLm318Njc72p14Pnkw3A/5lHHh+QxpJ6WFTmsA==",
      "dev": true,
      "license": "MIT"
    },
    "node_modules/@algolia/client-personalization/node_modules/@algolia/requester-common": {
      "version": "4.14.2",
      "resolved": "https://registry.npmjs.org/@algolia/requester-common/-/requester-common-4.14.2.tgz",
      "integrity": "sha512-73YQsBOKa5fvVV3My7iZHu1sUqmjjfs9TteFWwPwDmnad7T0VTCopttcsM3OjLxZFtBnX61Xxl2T2gmG2O4ehg==",
      "dev": true,
      "license": "MIT"
    },
    "node_modules/@algolia/client-personalization/node_modules/@algolia/transporter": {
      "version": "4.14.2",
      "resolved": "https://registry.npmjs.org/@algolia/transporter/-/transporter-4.14.2.tgz",
      "integrity": "sha512-t89dfQb2T9MFQHidjHcfhh6iGMNwvuKUvojAj+JsrHAGbuSy7yE4BylhLX6R0Q1xYRoC4Vvv+O5qIw/LdnQfsQ==",
      "dev": true,
      "license": "MIT",
      "dependencies": {
        "@algolia/cache-common": "4.14.2",
        "@algolia/logger-common": "4.14.2",
        "@algolia/requester-common": "4.14.2"
      }
    },
    "node_modules/@algolia/client-search": {
      "version": "4.22.1",
      "dev": true,
      "license": "MIT",
      "peer": true,
      "dependencies": {
        "@algolia/client-common": "4.22.1",
        "@algolia/requester-common": "4.22.1",
        "@algolia/transporter": "4.22.1"
      }
    },
    "node_modules/@algolia/logger-common": {
      "version": "4.22.1",
      "dev": true,
      "license": "MIT",
      "peer": true
    },
    "node_modules/@algolia/logger-console": {
      "version": "4.14.2",
      "resolved": "https://registry.npmjs.org/@algolia/logger-console/-/logger-console-4.14.2.tgz",
      "integrity": "sha512-8S2PlpdshbkwlLCSAB5f8c91xyc84VM9Ar9EdfE9UmX+NrKNYnWR1maXXVDQQoto07G1Ol/tYFnFVhUZq0xV/g==",
      "dev": true,
      "license": "MIT",
      "dependencies": {
        "@algolia/logger-common": "4.14.2"
      }
    },
    "node_modules/@algolia/logger-console/node_modules/@algolia/logger-common": {
      "version": "4.14.2",
      "resolved": "https://registry.npmjs.org/@algolia/logger-common/-/logger-common-4.14.2.tgz",
      "integrity": "sha512-/JGlYvdV++IcMHBnVFsqEisTiOeEr6cUJtpjz8zc0A9c31JrtLm318Njc72p14Pnkw3A/5lHHh+QxpJ6WFTmsA==",
      "dev": true,
      "license": "MIT"
    },
    "node_modules/@algolia/requester-browser-xhr": {
      "version": "4.14.2",
      "resolved": "https://registry.npmjs.org/@algolia/requester-browser-xhr/-/requester-browser-xhr-4.14.2.tgz",
      "integrity": "sha512-CEh//xYz/WfxHFh7pcMjQNWgpl4wFB85lUMRyVwaDPibNzQRVcV33YS+63fShFWc2+42YEipFGH2iPzlpszmDw==",
      "dev": true,
      "license": "MIT",
      "dependencies": {
        "@algolia/requester-common": "4.14.2"
      }
    },
    "node_modules/@algolia/requester-browser-xhr/node_modules/@algolia/requester-common": {
      "version": "4.14.2",
      "resolved": "https://registry.npmjs.org/@algolia/requester-common/-/requester-common-4.14.2.tgz",
      "integrity": "sha512-73YQsBOKa5fvVV3My7iZHu1sUqmjjfs9TteFWwPwDmnad7T0VTCopttcsM3OjLxZFtBnX61Xxl2T2gmG2O4ehg==",
      "dev": true,
      "license": "MIT"
    },
    "node_modules/@algolia/requester-common": {
      "version": "4.22.1",
      "dev": true,
      "license": "MIT",
      "peer": true
    },
    "node_modules/@algolia/requester-node-http": {
      "version": "4.14.2",
      "resolved": "https://registry.npmjs.org/@algolia/requester-node-http/-/requester-node-http-4.14.2.tgz",
      "integrity": "sha512-oDbb02kd1o5GTEld4pETlPZLY0e+gOSWjWMJHWTgDXbv9rm/o2cF7japO6Vj1ENnrqWvLBmW1OzV9g6FUFhFXg==",
      "dev": true,
      "license": "MIT",
      "dependencies": {
        "@algolia/requester-common": "4.14.2"
      }
    },
    "node_modules/@algolia/requester-node-http/node_modules/@algolia/requester-common": {
      "version": "4.14.2",
      "resolved": "https://registry.npmjs.org/@algolia/requester-common/-/requester-common-4.14.2.tgz",
      "integrity": "sha512-73YQsBOKa5fvVV3My7iZHu1sUqmjjfs9TteFWwPwDmnad7T0VTCopttcsM3OjLxZFtBnX61Xxl2T2gmG2O4ehg==",
      "dev": true,
      "license": "MIT"
    },
    "node_modules/@algolia/transporter": {
      "version": "4.22.1",
      "dev": true,
      "license": "MIT",
      "peer": true,
      "dependencies": {
        "@algolia/cache-common": "4.22.1",
        "@algolia/logger-common": "4.22.1",
        "@algolia/requester-common": "4.22.1"
      }
    },
    "node_modules/@babel/parser": {
      "version": "7.24.6",
      "resolved": "https://registry.npmjs.org/@babel/parser/-/parser-7.24.6.tgz",
      "integrity": "sha512-eNZXdfU35nJC2h24RznROuOpO94h6x8sg9ju0tT9biNtLZ2vuP8SduLqqV+/8+cebSLV9SJEAN5Z3zQbJG/M+Q==",
      "dev": true,
      "bin": {
        "parser": "bin/babel-parser.js"
      },
      "engines": {
        "node": ">=6.0.0"
      }
    },
    "node_modules/@docsearch/css": {
      "version": "3.3.0",
      "resolved": "https://registry.npmjs.org/@docsearch/css/-/css-3.3.0.tgz",
      "integrity": "sha512-rODCdDtGyudLj+Va8b6w6Y85KE85bXRsps/R4Yjwt5vueXKXZQKYw0aA9knxLBT6a/bI/GMrAcmCR75KYOM6hg==",
      "dev": true,
      "license": "MIT"
    },
    "node_modules/@docsearch/js": {
      "version": "3.3.0",
      "resolved": "https://registry.npmjs.org/@docsearch/js/-/js-3.3.0.tgz",
      "integrity": "sha512-oFXWRPNvPxAzBhnFJ9UCFIYZiQNc3Yrv6912nZHw/UIGxsyzKpNRZgHq8HDk1niYmOSoLKtVFcxkccpQmYGFyg==",
      "dev": true,
      "license": "MIT",
      "dependencies": {
        "@docsearch/react": "3.3.0",
        "preact": "^10.0.0"
      }
    },
    "node_modules/@docsearch/react": {
      "version": "3.3.0",
      "resolved": "https://registry.npmjs.org/@docsearch/react/-/react-3.3.0.tgz",
      "integrity": "sha512-fhS5adZkae2SSdMYEMVg6pxI5a/cE+tW16ki1V0/ur4Fdok3hBRkmN/H8VvlXnxzggkQIIRIVvYPn00JPjen3A==",
      "dev": true,
      "license": "MIT",
      "dependencies": {
        "@algolia/autocomplete-core": "1.7.2",
        "@algolia/autocomplete-preset-algolia": "1.7.2",
        "@docsearch/css": "3.3.0",
        "algoliasearch": "^4.0.0"
      },
      "peerDependencies": {
        "@types/react": ">= 16.8.0 < 19.0.0",
        "react": ">= 16.8.0 < 19.0.0",
        "react-dom": ">= 16.8.0 < 19.0.0"
      },
      "peerDependenciesMeta": {
        "@types/react": {
          "optional": true
        },
        "react": {
          "optional": true
        },
        "react-dom": {
          "optional": true
        }
      }
    },
    "node_modules/@types/flexsearch": {
      "version": "0.7.3",
      "resolved": "https://registry.npmjs.org/@types/flexsearch/-/flexsearch-0.7.3.tgz",
      "integrity": "sha512-HXwADeHEP4exXkCIwy2n1+i0f1ilP1ETQOH5KDOugjkTFZPntWo0Gr8stZOaebkxsdx+k0X/K6obU/+it07ocg==",
      "dev": true,
      "license": "MIT"
    },
    "node_modules/@types/linkify-it": {
      "version": "5.0.0",
      "resolved": "https://registry.npmjs.org/@types/linkify-it/-/linkify-it-5.0.0.tgz",
      "integrity": "sha512-sVDA58zAw4eWAffKOaQH5/5j3XeayukzDk+ewSsnv3p4yJEZHCCzMDiZM8e0OUrRvmpGZ85jf4yDHkHsgBNr9Q==",
      "dev": true
    },
    "node_modules/@types/markdown-it": {
      "version": "12.2.3",
      "resolved": "https://registry.npmjs.org/@types/markdown-it/-/markdown-it-12.2.3.tgz",
      "integrity": "sha512-GKMHFfv3458yYy+v/N8gjufHO6MSZKCOXpZc5GXIWWy8uldwfmPn98vp81gZ5f9SVw8YYBctgfJ22a2d7AOMeQ==",
      "dev": true,
      "license": "MIT",
      "dependencies": {
        "@types/linkify-it": "*",
        "@types/mdurl": "*"
      }
    },
    "node_modules/@types/mdurl": {
      "version": "2.0.0",
      "resolved": "https://registry.npmjs.org/@types/mdurl/-/mdurl-2.0.0.tgz",
      "integrity": "sha512-RGdgjQUZba5p6QEFAVx2OGb8rQDL/cPRG7GiedRzMcJ1tYnUANBncjbSB1NRGwbvjcPeikRABz2nshyPk1bhWg==",
      "dev": true
    },
    "node_modules/@types/web-bluetooth": {
      "version": "0.0.16",
      "resolved": "https://registry.npmjs.org/@types/web-bluetooth/-/web-bluetooth-0.0.16.tgz",
      "integrity": "sha512-oh8q2Zc32S6gd/j50GowEjKLoOVOwHP/bWVjKJInBwQqdOYMdPrf1oVlelTlyfFK3CKxL1uahMDAr+vy8T7yMQ==",
      "dev": true,
      "license": "MIT"
    },
    "node_modules/@vitejs/plugin-vue": {
      "version": "3.2.0",
      "resolved": "https://registry.npmjs.org/@vitejs/plugin-vue/-/plugin-vue-3.2.0.tgz",
      "integrity": "sha512-E0tnaL4fr+qkdCNxJ+Xd0yM31UwMkQje76fsDVBBUCoGOUPexu2VDUYHL8P4CwV+zMvWw6nlRw19OnRKmYAJpw==",
      "dev": true,
      "license": "MIT",
      "engines": {
        "node": "^14.18.0 || >=16.0.0"
      },
      "peerDependencies": {
        "vite": "^3.0.0",
        "vue": "^3.2.25"
      }
    },
    "node_modules/@vue/compiler-core": {
      "version": "3.2.45",
      "resolved": "https://registry.npmjs.org/@vue/compiler-core/-/compiler-core-3.2.45.tgz",
      "integrity": "sha512-rcMj7H+PYe5wBV3iYeUgbCglC+pbpN8hBLTJvRiK2eKQiWqu+fG9F+8sW99JdL4LQi7Re178UOxn09puSXvn4A==",
      "dev": true,
      "license": "MIT",
      "dependencies": {
        "@babel/parser": "^7.16.4",
        "@vue/shared": "3.2.45",
        "estree-walker": "^2.0.2",
        "source-map": "^0.6.1"
      }
    },
    "node_modules/@vue/compiler-dom": {
      "version": "3.2.45",
      "resolved": "https://registry.npmjs.org/@vue/compiler-dom/-/compiler-dom-3.2.45.tgz",
      "integrity": "sha512-tyYeUEuKqqZO137WrZkpwfPCdiiIeXYCcJ8L4gWz9vqaxzIQRccTSwSWZ/Axx5YR2z+LvpUbmPNXxuBU45lyRw==",
      "dev": true,
      "license": "MIT",
      "dependencies": {
        "@vue/compiler-core": "3.2.45",
        "@vue/shared": "3.2.45"
      }
    },
    "node_modules/@vue/compiler-sfc": {
      "version": "3.2.45",
      "resolved": "https://registry.npmjs.org/@vue/compiler-sfc/-/compiler-sfc-3.2.45.tgz",
      "integrity": "sha512-1jXDuWah1ggsnSAOGsec8cFjT/K6TMZ0sPL3o3d84Ft2AYZi2jWJgRMjw4iaK0rBfA89L5gw427H4n1RZQBu6Q==",
      "dev": true,
      "license": "MIT",
      "dependencies": {
        "@babel/parser": "^7.16.4",
        "@vue/compiler-core": "3.2.45",
        "@vue/compiler-dom": "3.2.45",
        "@vue/compiler-ssr": "3.2.45",
        "@vue/reactivity-transform": "3.2.45",
        "@vue/shared": "3.2.45",
        "estree-walker": "^2.0.2",
        "magic-string": "^0.25.7",
        "postcss": "^8.1.10",
        "source-map": "^0.6.1"
      }
    },
    "node_modules/@vue/compiler-ssr": {
      "version": "3.2.45",
      "resolved": "https://registry.npmjs.org/@vue/compiler-ssr/-/compiler-ssr-3.2.45.tgz",
      "integrity": "sha512-6BRaggEGqhWht3lt24CrIbQSRD5O07MTmd+LjAn5fJj568+R9eUD2F7wMQJjX859seSlrYog7sUtrZSd7feqrQ==",
      "dev": true,
      "license": "MIT",
      "dependencies": {
        "@vue/compiler-dom": "3.2.45",
        "@vue/shared": "3.2.45"
      }
    },
    "node_modules/@vue/devtools-api": {
      "version": "6.4.5",
      "resolved": "https://registry.npmjs.org/@vue/devtools-api/-/devtools-api-6.4.5.tgz",
      "integrity": "sha512-JD5fcdIuFxU4fQyXUu3w2KpAJHzTVdN+p4iOX2lMWSHMOoQdMAcpFLZzm9Z/2nmsoZ1a96QEhZ26e50xLBsgOQ==",
      "dev": true,
      "license": "MIT"
    },
    "node_modules/@vue/reactivity": {
      "version": "3.2.45",
      "resolved": "https://registry.npmjs.org/@vue/reactivity/-/reactivity-3.2.45.tgz",
      "integrity": "sha512-PRvhCcQcyEVohW0P8iQ7HDcIOXRjZfAsOds3N99X/Dzewy8TVhTCT4uXpAHfoKjVTJRA0O0K+6QNkDIZAxNi3A==",
      "dev": true,
      "license": "MIT",
      "dependencies": {
        "@vue/shared": "3.2.45"
      }
    },
    "node_modules/@vue/reactivity-transform": {
      "version": "3.2.45",
      "resolved": "https://registry.npmjs.org/@vue/reactivity-transform/-/reactivity-transform-3.2.45.tgz",
      "integrity": "sha512-BHVmzYAvM7vcU5WmuYqXpwaBHjsS8T63jlKGWVtHxAHIoMIlmaMyurUSEs1Zcg46M4AYT5MtB1U274/2aNzjJQ==",
      "dev": true,
      "license": "MIT",
      "dependencies": {
        "@babel/parser": "^7.16.4",
        "@vue/compiler-core": "3.2.45",
        "@vue/shared": "3.2.45",
        "estree-walker": "^2.0.2",
        "magic-string": "^0.25.7"
      }
    },
    "node_modules/@vue/runtime-core": {
      "version": "3.2.45",
      "resolved": "https://registry.npmjs.org/@vue/runtime-core/-/runtime-core-3.2.45.tgz",
      "integrity": "sha512-gzJiTA3f74cgARptqzYswmoQx0fIA+gGYBfokYVhF8YSXjWTUA2SngRzZRku2HbGbjzB6LBYSbKGIaK8IW+s0A==",
      "dev": true,
      "license": "MIT",
      "dependencies": {
        "@vue/reactivity": "3.2.45",
        "@vue/shared": "3.2.45"
      }
    },
    "node_modules/@vue/runtime-dom": {
      "version": "3.2.45",
      "resolved": "https://registry.npmjs.org/@vue/runtime-dom/-/runtime-dom-3.2.45.tgz",
      "integrity": "sha512-cy88YpfP5Ue2bDBbj75Cb4bIEZUMM/mAkDMfqDTpUYVgTf/kuQ2VQ8LebuZ8k6EudgH8pYhsGWHlY0lcxlvTwA==",
      "dev": true,
      "license": "MIT",
      "dependencies": {
        "@vue/runtime-core": "3.2.45",
        "@vue/shared": "3.2.45",
        "csstype": "^2.6.8"
      }
    },
    "node_modules/@vue/server-renderer": {
      "version": "3.2.45",
      "resolved": "https://registry.npmjs.org/@vue/server-renderer/-/server-renderer-3.2.45.tgz",
      "integrity": "sha512-ebiMq7q24WBU1D6uhPK//2OTR1iRIyxjF5iVq/1a5I1SDMDyDu4Ts6fJaMnjrvD3MqnaiFkKQj+LKAgz5WIK3g==",
      "dev": true,
      "license": "MIT",
      "dependencies": {
        "@vue/compiler-ssr": "3.2.45",
        "@vue/shared": "3.2.45"
      },
      "peerDependencies": {
        "vue": "3.2.45"
      }
    },
    "node_modules/@vue/shared": {
      "version": "3.2.45",
      "resolved": "https://registry.npmjs.org/@vue/shared/-/shared-3.2.45.tgz",
      "integrity": "sha512-Ewzq5Yhimg7pSztDV+RH1UDKBzmtqieXQlpTVm2AwraoRL/Rks96mvd8Vgi7Lj+h+TH8dv7mXD3FRZR3TUvbSg==",
      "dev": true,
      "license": "MIT"
    },
    "node_modules/@vueuse/core": {
      "version": "9.5.0",
      "resolved": "https://registry.npmjs.org/@vueuse/core/-/core-9.5.0.tgz",
      "integrity": "sha512-6GsWBsJHEb3sYw15mbLrcbslAVY45pkzjJYTKYKCXv88z7srAF0VEW0q+oXKsl58tCbqooplInahXFg8Yo1m4w==",
      "dev": true,
      "license": "MIT",
      "dependencies": {
        "@types/web-bluetooth": "^0.0.16",
        "@vueuse/metadata": "9.5.0",
        "@vueuse/shared": "9.5.0",
        "vue-demi": "*"
      },
      "funding": {
        "url": "https://github.com/sponsors/antfu"
      }
    },
    "node_modules/@vueuse/core/node_modules/vue-demi": {
      "version": "0.13.11",
      "resolved": "https://registry.npmjs.org/vue-demi/-/vue-demi-0.13.11.tgz",
      "integrity": "sha512-IR8HoEEGM65YY3ZJYAjMlKygDQn25D5ajNFNoKh9RSDMQtlzCxtfQjdQgv9jjK+m3377SsJXY8ysq8kLCZL25A==",
      "dev": true,
      "hasInstallScript": true,
      "license": "MIT",
      "bin": {
        "vue-demi-fix": "bin/vue-demi-fix.js",
        "vue-demi-switch": "bin/vue-demi-switch.js"
      },
      "engines": {
        "node": ">=12"
      },
      "funding": {
        "url": "https://github.com/sponsors/antfu"
      },
      "peerDependencies": {
        "@vue/composition-api": "^1.0.0-rc.1",
        "vue": "^3.0.0-0 || ^2.6.0"
      },
      "peerDependenciesMeta": {
        "@vue/composition-api": {
          "optional": true
        }
      }
    },
    "node_modules/@vueuse/metadata": {
      "version": "9.5.0",
      "resolved": "https://registry.npmjs.org/@vueuse/metadata/-/metadata-9.5.0.tgz",
      "integrity": "sha512-4M1AyPZmIv41pym+K5+4wup3bKuYebbH8w8BROY1hmT7rIwcyS4tEL+UsGz0Hiu1FCOxcoBrwtAizc0YmBJjyQ==",
      "dev": true,
      "license": "MIT",
      "funding": {
        "url": "https://github.com/sponsors/antfu"
      }
    },
    "node_modules/@vueuse/shared": {
      "version": "9.5.0",
      "resolved": "https://registry.npmjs.org/@vueuse/shared/-/shared-9.5.0.tgz",
      "integrity": "sha512-HnnCWU1Vg9CVWRCcI8ohDKDRB2Sc4bTgT1XAIaoLSfVHHn+TKbrox6pd3klCSw4UDxkhDfOk8cAdcK+Z5KleCA==",
      "dev": true,
      "license": "MIT",
      "dependencies": {
        "vue-demi": "*"
      },
      "funding": {
        "url": "https://github.com/sponsors/antfu"
      }
    },
    "node_modules/@vueuse/shared/node_modules/vue-demi": {
      "version": "0.13.11",
      "resolved": "https://registry.npmjs.org/vue-demi/-/vue-demi-0.13.11.tgz",
      "integrity": "sha512-IR8HoEEGM65YY3ZJYAjMlKygDQn25D5ajNFNoKh9RSDMQtlzCxtfQjdQgv9jjK+m3377SsJXY8ysq8kLCZL25A==",
      "dev": true,
      "hasInstallScript": true,
      "license": "MIT",
      "bin": {
        "vue-demi-fix": "bin/vue-demi-fix.js",
        "vue-demi-switch": "bin/vue-demi-switch.js"
      },
      "engines": {
        "node": ">=12"
      },
      "funding": {
        "url": "https://github.com/sponsors/antfu"
      },
      "peerDependencies": {
        "@vue/composition-api": "^1.0.0-rc.1",
        "vue": "^3.0.0-0 || ^2.6.0"
      },
      "peerDependenciesMeta": {
        "@vue/composition-api": {
          "optional": true
        }
      }
    },
    "node_modules/algoliasearch": {
      "version": "4.14.2",
      "resolved": "https://registry.npmjs.org/algoliasearch/-/algoliasearch-4.14.2.tgz",
      "integrity": "sha512-ngbEQonGEmf8dyEh5f+uOIihv4176dgbuOZspiuhmTTBRBuzWu3KCGHre6uHj5YyuC7pNvQGzB6ZNJyZi0z+Sg==",
      "dev": true,
      "license": "MIT",
      "dependencies": {
        "@algolia/cache-browser-local-storage": "4.14.2",
        "@algolia/cache-common": "4.14.2",
        "@algolia/cache-in-memory": "4.14.2",
        "@algolia/client-account": "4.14.2",
        "@algolia/client-analytics": "4.14.2",
        "@algolia/client-common": "4.14.2",
        "@algolia/client-personalization": "4.14.2",
        "@algolia/client-search": "4.14.2",
        "@algolia/logger-common": "4.14.2",
        "@algolia/logger-console": "4.14.2",
        "@algolia/requester-browser-xhr": "4.14.2",
        "@algolia/requester-common": "4.14.2",
        "@algolia/requester-node-http": "4.14.2",
        "@algolia/transporter": "4.14.2"
      }
    },
    "node_modules/algoliasearch/node_modules/@algolia/cache-common": {
      "version": "4.14.2",
      "resolved": "https://registry.npmjs.org/@algolia/cache-common/-/cache-common-4.14.2.tgz",
      "integrity": "sha512-SbvAlG9VqNanCErr44q6lEKD2qoK4XtFNx9Qn8FK26ePCI8I9yU7pYB+eM/cZdS9SzQCRJBbHUumVr4bsQ4uxg==",
      "dev": true,
      "license": "MIT"
    },
    "node_modules/algoliasearch/node_modules/@algolia/client-common": {
      "version": "4.14.2",
      "resolved": "https://registry.npmjs.org/@algolia/client-common/-/client-common-4.14.2.tgz",
      "integrity": "sha512-43o4fslNLcktgtDMVaT5XwlzsDPzlqvqesRi4MjQz2x4/Sxm7zYg5LRYFol1BIhG6EwxKvSUq8HcC/KxJu3J0Q==",
      "dev": true,
      "license": "MIT",
      "dependencies": {
        "@algolia/requester-common": "4.14.2",
        "@algolia/transporter": "4.14.2"
      }
    },
    "node_modules/algoliasearch/node_modules/@algolia/client-search": {
      "version": "4.14.2",
      "resolved": "https://registry.npmjs.org/@algolia/client-search/-/client-search-4.14.2.tgz",
      "integrity": "sha512-L5zScdOmcZ6NGiVbLKTvP02UbxZ0njd5Vq9nJAmPFtjffUSOGEp11BmD2oMJ5QvARgx2XbX4KzTTNS5ECYIMWw==",
      "dev": true,
      "license": "MIT",
      "dependencies": {
        "@algolia/client-common": "4.14.2",
        "@algolia/requester-common": "4.14.2",
        "@algolia/transporter": "4.14.2"
      }
    },
    "node_modules/algoliasearch/node_modules/@algolia/logger-common": {
      "version": "4.14.2",
      "resolved": "https://registry.npmjs.org/@algolia/logger-common/-/logger-common-4.14.2.tgz",
      "integrity": "sha512-/JGlYvdV++IcMHBnVFsqEisTiOeEr6cUJtpjz8zc0A9c31JrtLm318Njc72p14Pnkw3A/5lHHh+QxpJ6WFTmsA==",
      "dev": true,
      "license": "MIT"
    },
    "node_modules/algoliasearch/node_modules/@algolia/requester-common": {
      "version": "4.14.2",
      "resolved": "https://registry.npmjs.org/@algolia/requester-common/-/requester-common-4.14.2.tgz",
      "integrity": "sha512-73YQsBOKa5fvVV3My7iZHu1sUqmjjfs9TteFWwPwDmnad7T0VTCopttcsM3OjLxZFtBnX61Xxl2T2gmG2O4ehg==",
      "dev": true,
      "license": "MIT"
    },
    "node_modules/algoliasearch/node_modules/@algolia/transporter": {
      "version": "4.14.2",
      "resolved": "https://registry.npmjs.org/@algolia/transporter/-/transporter-4.14.2.tgz",
      "integrity": "sha512-t89dfQb2T9MFQHidjHcfhh6iGMNwvuKUvojAj+JsrHAGbuSy7yE4BylhLX6R0Q1xYRoC4Vvv+O5qIw/LdnQfsQ==",
      "dev": true,
      "license": "MIT",
      "dependencies": {
        "@algolia/cache-common": "4.14.2",
        "@algolia/logger-common": "4.14.2",
        "@algolia/requester-common": "4.14.2"
      }
    },
    "node_modules/argparse": {
      "version": "2.0.1",
      "resolved": "https://registry.npmjs.org/argparse/-/argparse-2.0.1.tgz",
      "integrity": "sha512-8+9WqebbFzpX9OR+Wa6O29asIogeRMzcGtAINdpMHHyAg10f05aSFVBbcEqGf/PXw1EjAZ+q2/bEBg3DvurK3Q==",
      "dev": true,
      "license": "Python-2.0"
    },
    "node_modules/body-scroll-lock": {
      "version": "4.0.0-beta.0",
      "resolved": "https://registry.npmjs.org/body-scroll-lock/-/body-scroll-lock-4.0.0-beta.0.tgz",
      "integrity": "sha512-a7tP5+0Mw3YlUJcGAKUqIBkYYGlYxk2fnCasq/FUph1hadxlTRjF+gAcZksxANnaMnALjxEddmSi/H3OR8ugcQ==",
      "dev": true,
      "license": "MIT"
    },
    "node_modules/csstype": {
      "version": "2.6.21",
      "resolved": "https://registry.npmjs.org/csstype/-/csstype-2.6.21.tgz",
      "integrity": "sha512-Z1PhmomIfypOpoMjRQB70jfvy/wxT50qW08YXO5lMIJkrdq4yOTR+AW7FqutScmB9NkLwxo+jU+kZLbofZZq/w==",
      "dev": true,
      "license": "MIT"
    },
    "node_modules/entities": {
      "version": "3.0.1",
      "resolved": "https://registry.npmjs.org/entities/-/entities-3.0.1.tgz",
      "integrity": "sha512-WiyBqoomrwMdFG1e0kqvASYfnlb0lp8M5o5Fw2OFq1hNZxxcNk8Ik0Xm7LxzBhuidnZB/UtBqVCgUz3kBOP51Q==",
      "dev": true,
      "license": "BSD-2-Clause",
      "engines": {
        "node": ">=0.12"
      },
      "funding": {
        "url": "https://github.com/fb55/entities?sponsor=1"
      }
    },
    "node_modules/esbuild": {
      "version": "0.15.13",
      "resolved": "https://registry.npmjs.org/esbuild/-/esbuild-0.15.13.tgz",
      "integrity": "sha512-Cu3SC84oyzzhrK/YyN4iEVy2jZu5t2fz66HEOShHURcjSkOSAVL8C/gfUT+lDJxkVHpg8GZ10DD0rMHRPqMFaQ==",
      "dev": true,
      "hasInstallScript": true,
      "license": "MIT",
      "bin": {
        "esbuild": "bin/esbuild"
      },
      "engines": {
        "node": ">=12"
      },
      "optionalDependencies": {
        "@esbuild/android-arm": "0.15.13",
        "@esbuild/linux-loong64": "0.15.13",
        "esbuild-android-64": "0.15.13",
        "esbuild-android-arm64": "0.15.13",
        "esbuild-darwin-64": "0.15.13",
        "esbuild-darwin-arm64": "0.15.13",
        "esbuild-freebsd-64": "0.15.13",
        "esbuild-freebsd-arm64": "0.15.13",
        "esbuild-linux-32": "0.15.13",
        "esbuild-linux-64": "0.15.13",
        "esbuild-linux-arm": "0.15.13",
        "esbuild-linux-arm64": "0.15.13",
        "esbuild-linux-mips64le": "0.15.13",
        "esbuild-linux-ppc64le": "0.15.13",
        "esbuild-linux-riscv64": "0.15.13",
        "esbuild-linux-s390x": "0.15.13",
        "esbuild-netbsd-64": "0.15.13",
        "esbuild-openbsd-64": "0.15.13",
        "esbuild-sunos-64": "0.15.13",
        "esbuild-windows-32": "0.15.13",
        "esbuild-windows-64": "0.15.13",
        "esbuild-windows-arm64": "0.15.13"
      }
    },
    "node_modules/esbuild-linux-64": {
      "version": "0.15.13",
      "resolved": "https://registry.npmjs.org/esbuild-linux-64/-/esbuild-linux-64-0.15.13.tgz",
      "integrity": "sha512-rXmnArVNio6yANSqDQlIO4WiP+Cv7+9EuAHNnag7rByAqFVuRusLbGi2697A5dFPNXoO//IiogVwi3AdcfPC6A==",
      "cpu": [
        "x64"
      ],
      "dev": true,
      "license": "MIT",
      "optional": true,
      "os": [
        "linux"
      ],
      "engines": {
        "node": ">=12"
      }
    },
    "node_modules/estree-walker": {
      "version": "2.0.2",
      "resolved": "https://registry.npmjs.org/estree-walker/-/estree-walker-2.0.2.tgz",
      "integrity": "sha512-Rfkk/Mp/DL7JVje3u18FxFujQlTNR2q6QfMSMB7AvCBx91NGj/ba3kCfza0f6dVDbw7YlRf/nDrn7pQrCCyQ/w==",
      "dev": true,
      "license": "MIT"
    },
    "node_modules/flexsearch": {
      "version": "0.7.31",
      "resolved": "https://registry.npmjs.org/flexsearch/-/flexsearch-0.7.31.tgz",
      "integrity": "sha512-XGozTsMPYkm+6b5QL3Z9wQcJjNYxp0CYn3U1gO7dwD6PAqU1SVWZxI9CCg3z+ml3YfqdPnrBehaBrnH2AGKbNA==",
      "dev": true,
      "license": "Apache-2.0"
    },
    "node_modules/fsevents": {
      "version": "2.3.3",
      "resolved": "https://registry.npmjs.org/fsevents/-/fsevents-2.3.3.tgz",
      "integrity": "sha512-5xoDfX+fL7faATnagmWPpbFtwh/R77WmMMqqHGS65C3vvB0YHrgF+B1YmZ3441tMj5n63k0212XNoJwzlhffQw==",
      "dev": true,
      "hasInstallScript": true,
      "optional": true,
      "os": [
        "darwin"
      ],
      "engines": {
        "node": "^8.16.0 || ^10.6.0 || >=11.0.0"
      }
    },
    "node_modules/function-bind": {
      "version": "1.1.1",
      "resolved": "https://registry.npmjs.org/function-bind/-/function-bind-1.1.1.tgz",
      "integrity": "sha512-yIovAzMX49sF8Yl58fSCWJ5svSLuaibPxXQJFLmBObTuCr0Mf1KiPopGM9NiFjiYBCbfaa2Fh6breQ6ANVTI0A==",
      "dev": true,
      "license": "MIT"
    },
    "node_modules/has": {
      "version": "1.0.3",
      "resolved": "https://registry.npmjs.org/has/-/has-1.0.3.tgz",
      "integrity": "sha512-f2dvO0VU6Oej7RkWJGrehjbzMAjFp5/VKPp5tTpWIV4JHHZK1/BxbFRtf/siA2SWTe09caDmVtYYzWEIbBS4zw==",
      "dev": true,
      "license": "MIT",
      "dependencies": {
        "function-bind": "^1.1.1"
      },
      "engines": {
        "node": ">= 0.4.0"
      }
    },
    "node_modules/is-core-module": {
      "version": "2.11.0",
      "resolved": "https://registry.npmjs.org/is-core-module/-/is-core-module-2.11.0.tgz",
      "integrity": "sha512-RRjxlvLDkD1YJwDbroBHMb+cukurkDWNyHx7D3oNB5x9rb5ogcksMC5wHCadcXoo67gVr/+3GFySh3134zi6rw==",
      "dev": true,
      "license": "MIT",
      "dependencies": {
        "has": "^1.0.3"
      },
      "funding": {
        "url": "https://github.com/sponsors/ljharb"
      }
    },
    "node_modules/jsonc-parser": {
      "version": "3.2.0",
      "resolved": "https://registry.npmjs.org/jsonc-parser/-/jsonc-parser-3.2.0.tgz",
      "integrity": "sha512-gfFQZrcTc8CnKXp6Y4/CBT3fTc0OVuDofpre4aEeEpSBPV5X5v4+Vmx+8snU7RLPrNHPKSgLxGo9YuQzz20o+w==",
      "dev": true,
      "license": "MIT"
    },
    "node_modules/linkify-it": {
      "version": "4.0.1",
      "resolved": "https://registry.npmjs.org/linkify-it/-/linkify-it-4.0.1.tgz",
      "integrity": "sha512-C7bfi1UZmoj8+PQx22XyeXCuBlokoyWQL5pWSP+EI6nzRylyThouddufc2c1NDIcP9k5agmN9fLpA7VNJfIiqw==",
      "dev": true,
      "license": "MIT",
      "dependencies": {
        "uc.micro": "^1.0.1"
      }
    },
    "node_modules/magic-string": {
      "version": "0.25.9",
      "resolved": "https://registry.npmjs.org/magic-string/-/magic-string-0.25.9.tgz",
      "integrity": "sha512-RmF0AsMzgt25qzqqLc1+MbHmhdx0ojF2Fvs4XnOqz2ZOBXzzkEwc/dJQZCYHAn7v1jbVOjAZfK8msRn4BxO4VQ==",
      "dev": true,
      "license": "MIT",
      "dependencies": {
        "sourcemap-codec": "^1.4.8"
      }
    },
    "node_modules/markdown-it": {
      "version": "13.0.1",
      "resolved": "https://registry.npmjs.org/markdown-it/-/markdown-it-13.0.1.tgz",
      "integrity": "sha512-lTlxriVoy2criHP0JKRhO2VDG9c2ypWCsT237eDiLqi09rmbKoUetyGHq2uOIRoRS//kfoJckS0eUzzkDR+k2Q==",
      "dev": true,
      "license": "MIT",
      "dependencies": {
        "argparse": "^2.0.1",
        "entities": "~3.0.1",
        "linkify-it": "^4.0.1",
        "mdurl": "^1.0.1",
        "uc.micro": "^1.0.5"
      },
      "bin": {
        "markdown-it": "bin/markdown-it.js"
      }
    },
    "node_modules/mdurl": {
      "version": "1.0.1",
      "resolved": "https://registry.npmjs.org/mdurl/-/mdurl-1.0.1.tgz",
      "integrity": "sha512-/sKlQJCBYVY9Ers9hqzKou4H6V5UWc/M59TH2dvkt+84itfnq7uFOMLpOiOS4ujvHP4etln18fmIxA5R5fll0g==",
      "dev": true,
      "license": "MIT"
    },
    "node_modules/nanoid": {
      "version": "3.3.4",
      "resolved": "https://registry.npmjs.org/nanoid/-/nanoid-3.3.4.tgz",
      "integrity": "sha512-MqBkQh/OHTS2egovRtLk45wEyNXwF+cokD+1YPf9u5VfJiRdAiRwB2froX5Co9Rh20xs4siNPm8naNotSD6RBw==",
      "dev": true,
      "license": "MIT",
      "bin": {
        "nanoid": "bin/nanoid.cjs"
      },
      "engines": {
        "node": "^10 || ^12 || ^13.7 || ^14 || >=15.0.1"
      }
    },
    "node_modules/path-parse": {
      "version": "1.0.7",
      "resolved": "https://registry.npmjs.org/path-parse/-/path-parse-1.0.7.tgz",
      "integrity": "sha512-LDJzPVEEEPR+y48z93A0Ed0yXb8pAByGWo/k5YYdYgpY2/2EsOsksJrq7lOHxryrVOn1ejG6oAp8ahvOIQD8sw==",
      "dev": true,
      "license": "MIT"
    },
    "node_modules/picocolors": {
      "version": "1.0.0",
      "resolved": "https://registry.npmjs.org/picocolors/-/picocolors-1.0.0.tgz",
      "integrity": "sha512-1fygroTLlHu66zi26VoTDv8yRgm0Fccecssto+MhsZ0D/DGW2sm8E8AjW7NU5VVTRt5GxbeZ5qBuJr+HyLYkjQ==",
      "dev": true,
      "license": "ISC"
    },
    "node_modules/postcss": {
      "version": "8.4.19",
      "resolved": "https://registry.npmjs.org/postcss/-/postcss-8.4.19.tgz",
      "integrity": "sha512-h+pbPsyhlYj6N2ozBmHhHrs9DzGmbaarbLvWipMRO7RLS+v4onj26MPFXA5OBYFxyqYhUJK456SwDcY9H2/zsA==",
      "dev": true,
      "funding": [
        {
          "type": "opencollective",
          "url": "https://opencollective.com/postcss/"
        },
        {
          "type": "tidelift",
          "url": "https://tidelift.com/funding/github/npm/postcss"
        }
      ],
      "license": "MIT",
      "dependencies": {
        "nanoid": "^3.3.4",
        "picocolors": "^1.0.0",
        "source-map-js": "^1.0.2"
      },
      "engines": {
        "node": "^10 || ^12 || >=14"
      }
    },
    "node_modules/preact": {
      "version": "10.11.2",
      "resolved": "https://registry.npmjs.org/preact/-/preact-10.11.2.tgz",
      "integrity": "sha512-skAwGDFmgxhq1DCBHke/9e12ewkhc7WYwjuhHB8HHS8zkdtITXLRmUMTeol2ldxvLwYtwbFeifZ9uDDWuyL4Iw==",
      "dev": true,
      "license": "MIT",
      "funding": {
        "type": "opencollective",
        "url": "https://opencollective.com/preact"
      }
    },
    "node_modules/resolve": {
      "version": "1.22.1",
      "resolved": "https://registry.npmjs.org/resolve/-/resolve-1.22.1.tgz",
      "integrity": "sha512-nBpuuYuY5jFsli/JIs1oldw6fOQCBioohqWZg/2hiaOybXOft4lonv85uDOKXdf8rhyK159cxU5cDcK/NKk8zw==",
      "dev": true,
      "license": "MIT",
      "dependencies": {
        "is-core-module": "^2.9.0",
        "path-parse": "^1.0.7",
        "supports-preserve-symlinks-flag": "^1.0.0"
      },
      "bin": {
        "resolve": "bin/resolve"
      },
      "funding": {
        "url": "https://github.com/sponsors/ljharb"
      }
    },
    "node_modules/rollup": {
      "version": "2.79.1",
      "resolved": "https://registry.npmjs.org/rollup/-/rollup-2.79.1.tgz",
      "integrity": "sha512-uKxbd0IhMZOhjAiD5oAFp7BqvkA4Dv47qpOCtaNvng4HBwdbWtdOh8f5nZNuk2rp51PMGk3bzfWu5oayNEuYnw==",
      "dev": true,
      "license": "MIT",
      "bin": {
        "rollup": "dist/bin/rollup"
      },
      "engines": {
        "node": ">=10.0.0"
      },
      "optionalDependencies": {
        "fsevents": "~2.3.2"
      }
    },
    "node_modules/shiki": {
      "version": "0.11.1",
      "resolved": "https://registry.npmjs.org/shiki/-/shiki-0.11.1.tgz",
      "integrity": "sha512-EugY9VASFuDqOexOgXR18ZV+TbFrQHeCpEYaXamO+SZlsnT/2LxuLBX25GGtIrwaEVFXUAbUQ601SWE2rMwWHA==",
      "dev": true,
      "license": "MIT",
      "dependencies": {
        "jsonc-parser": "^3.0.0",
        "vscode-oniguruma": "^1.6.1",
        "vscode-textmate": "^6.0.0"
      }
    },
    "node_modules/source-map": {
      "version": "0.6.1",
      "resolved": "https://registry.npmjs.org/source-map/-/source-map-0.6.1.tgz",
      "integrity": "sha512-UjgapumWlbMhkBgzT7Ykc5YXUT46F0iKu8SGXq0bcwP5dz/h0Plj6enJqjz1Zbq2l5WaqYnrVbwWOWMyF3F47g==",
      "dev": true,
      "license": "BSD-3-Clause",
      "engines": {
        "node": ">=0.10.0"
      }
    },
    "node_modules/source-map-js": {
      "version": "1.0.2",
      "resolved": "https://registry.npmjs.org/source-map-js/-/source-map-js-1.0.2.tgz",
      "integrity": "sha512-R0XvVJ9WusLiqTCEiGCmICCMplcCkIwwR11mOSD9CR5u+IXYdiseeEuXCVAjS54zqwkLcPNnmU4OeJ6tUrWhDw==",
      "dev": true,
      "license": "BSD-3-Clause",
      "engines": {
        "node": ">=0.10.0"
      }
    },
    "node_modules/sourcemap-codec": {
      "version": "1.4.8",
      "resolved": "https://registry.npmjs.org/sourcemap-codec/-/sourcemap-codec-1.4.8.tgz",
      "integrity": "sha512-9NykojV5Uih4lgo5So5dtw+f0JgJX30KCNI8gwhz2J9A15wD0Ml6tjHKwf6fTSa6fAdVBdZeNOs9eJ71qCk8vA==",
      "dev": true,
      "license": "MIT"
    },
    "node_modules/supports-preserve-symlinks-flag": {
      "version": "1.0.0",
      "resolved": "https://registry.npmjs.org/supports-preserve-symlinks-flag/-/supports-preserve-symlinks-flag-1.0.0.tgz",
      "integrity": "sha512-ot0WnXS9fgdkgIcePe6RHNk1WA8+muPa6cSjeR3V8K27q9BB1rTE3R1p7Hv0z1ZyAc8s6Vvv8DIyWf681MAt0w==",
      "dev": true,
      "license": "MIT",
      "engines": {
        "node": ">= 0.4"
      },
      "funding": {
        "url": "https://github.com/sponsors/ljharb"
      }
    },
    "node_modules/uc.micro": {
      "version": "1.0.6",
      "resolved": "https://registry.npmjs.org/uc.micro/-/uc.micro-1.0.6.tgz",
      "integrity": "sha512-8Y75pvTYkLJW2hWQHXxoqRgV7qb9B+9vFEtidML+7koHUFapnVJAZ6cKs+Qjz5Aw3aZWHMC6u0wJE3At+nSGwA==",
      "dev": true,
      "license": "MIT"
    },
    "node_modules/vite": {
      "version": "3.2.8",
      "dev": true,
      "license": "MIT",
      "dependencies": {
        "esbuild": "^0.15.9",
        "postcss": "^8.4.18",
        "resolve": "^1.22.1",
        "rollup": "^2.79.1"
      },
      "bin": {
        "vite": "bin/vite.js"
      },
      "engines": {
        "node": "^14.18.0 || >=16.0.0"
      },
      "optionalDependencies": {
        "fsevents": "~2.3.2"
      },
      "peerDependencies": {
        "@types/node": ">= 14",
        "less": "*",
        "sass": "*",
        "stylus": "*",
        "sugarss": "*",
        "terser": "^5.4.0"
      },
      "peerDependenciesMeta": {
        "@types/node": {
          "optional": true
        },
        "less": {
          "optional": true
        },
        "sass": {
          "optional": true
        },
        "stylus": {
          "optional": true
        },
        "sugarss": {
          "optional": true
        },
        "terser": {
          "optional": true
        }
      }
    },
    "node_modules/vitepress": {
      "version": "1.0.0-alpha.13",
      "resolved": "https://registry.npmjs.org/vitepress/-/vitepress-1.0.0-alpha.13.tgz",
      "integrity": "sha512-gCbKb+6o0g5wHt2yyqBPk7FcvrB+MfwGtg1JMS5p99GTQR87l3b7symCl8o1ecv7MDXwJ2mPB8ZrYNLnQAJxLQ==",
      "dev": true,
      "license": "MIT",
      "dependencies": {
        "@docsearch/css": "^3.2.1",
        "@docsearch/js": "^3.2.1",
        "@vitejs/plugin-vue": "^3.0.3",
        "@vue/devtools-api": "^6.2.1",
        "@vueuse/core": "^9.1.0",
        "body-scroll-lock": "^4.0.0-beta.0",
        "shiki": "^0.11.1",
        "vite": "^3.0.8",
        "vue": "^3.2.37"
      },
      "bin": {
        "vitepress": "bin/vitepress.js"
      }
    },
    "node_modules/vitepress-plugin-search": {
      "version": "1.0.4-alpha.15",
      "resolved": "https://registry.npmjs.org/vitepress-plugin-search/-/vitepress-plugin-search-1.0.4-alpha.15.tgz",
      "integrity": "sha512-Ef/VkhTVYlECVI0H9Ck6745UNPfYFppAqnlxVSMJXdxP2vjOZ5TYNczlTTQ2p9dh16MFw/IurbL1/GrG4nXdNw==",
      "dev": true,
      "license": "MIT",
      "dependencies": {
        "@types/flexsearch": "^0.7.3",
        "@types/markdown-it": "^12.2.3",
        "markdown-it": "^13.0.1"
      },
      "engines": {
        "node": "^14.13.1 || ^16.7.0 || >=18"
      },
      "peerDependencies": {
        "flexsearch": "^0.7.31",
        "vite": "2 || 3",
        "vitepress": "^1.0.0-alpha.13",
        "vue": "3"
      }
    },
    "node_modules/vscode-oniguruma": {
      "version": "1.6.2",
      "resolved": "https://registry.npmjs.org/vscode-oniguruma/-/vscode-oniguruma-1.6.2.tgz",
      "integrity": "sha512-KH8+KKov5eS/9WhofZR8M8dMHWN2gTxjMsG4jd04YhpbPR91fUj7rYQ2/XjeHCJWbg7X++ApRIU9NUwM2vTvLA==",
      "dev": true,
      "license": "MIT"
    },
    "node_modules/vscode-textmate": {
      "version": "6.0.0",
      "resolved": "https://registry.npmjs.org/vscode-textmate/-/vscode-textmate-6.0.0.tgz",
      "integrity": "sha512-gu73tuZfJgu+mvCSy4UZwd2JXykjK9zAZsfmDeut5dx/1a7FeTk0XwJsSuqQn+cuMCGVbIBfl+s53X4T19DnzQ==",
      "dev": true,
      "license": "MIT"
    },
    "node_modules/vue": {
      "version": "3.2.45",
      "resolved": "https://registry.npmjs.org/vue/-/vue-3.2.45.tgz",
      "integrity": "sha512-9Nx/Mg2b2xWlXykmCwiTUCWHbWIj53bnkizBxKai1g61f2Xit700A1ljowpTIM11e3uipOeiPcSqnmBg6gyiaA==",
      "dev": true,
      "license": "MIT",
      "dependencies": {
        "@vue/compiler-dom": "3.2.45",
        "@vue/compiler-sfc": "3.2.45",
        "@vue/runtime-dom": "3.2.45",
        "@vue/server-renderer": "3.2.45",
        "@vue/shared": "3.2.45"
      }
    }
  }
}
